Microsoft Visual Studio Solution File, Format Version 12.00
# Visual Studio Version 17
VisualStudioVersion = 17.5.2.0
MinimumVisualStudioVersion = 10.0.40219.1
Project("{FAE04EC0-301F-11D3-BF4B-00C04F79EFBC}") = "SevenConcentradorBridge", "SevenConcentradorBridge.csproj", "{94258F8A-8E34-1EFA-E098-C87DD9F5383C}"
EndProject
Global
	GlobalSection(SolutionConfigurationPlatforms) = preSolution
		Debug|Any CPU = Debug|Any CPU
		Release|Any CPU = Release|Any CPU
	EndGlobalSection
	GlobalSection(ProjectConfigurationPlatforms) = postSolution
		{94258F8A-8E34-1EFA-E098-C87DD9F5383C}.Debug|Any CPU.ActiveCfg = Debug|Any CPU
		{94258F8A-8E34-1EFA-E098-C87DD9F5383C}.Debug|Any CPU.Build.0 = Debug|Any CPU
		{94258F8A-8E34-1EFA-E098-C87DD9F5383C}.Release|Any CPU.ActiveCfg = Release|Any CPU
		{94258F8A-8E34-1EFA-E098-C87DD9F5383C}.Release|Any CPU.Build.0 = Release|Any CPU
	EndGlobalSection
	GlobalSection(SolutionProperties) = preSolution
		HideSolutionNode = FALSE
	EndGlobalSection
	GlobalSection(ExtensibilityGlobals) = postSolution
		SolutionGuid = {8E22E320-AAC1-45D5-93FA-5830D58F41AB}
	EndGlobalSection
EndGlobal
